
Microsoft Visual Studio Solution File, Format Version 12.00
# Visual Studio Version 16
VisualStudioVersion = 16.0.29509.3
MinimumVisualStudioVersion = 10.0.40219.1
Project("{FAE04EC0-301F-11D3-BF4B-00C04F79EFBC}") = "RepasandoMatrices", "RepasandoMatrices\RepasandoMatrices.csproj", "{ED4A73C6-7E6C-424C-ABF8-E4CDDD6A2D3E}"
EndProject
Global
	GlobalSection(SolutionConfigurationPlatforms) = preSolution
		Debug|Any CPU = Debug|Any CPU
		Release|Any CPU = Release|Any CPU
	EndGlobalSection
	GlobalSection(ProjectConfigurationPlatforms) = postSolution
		{ED4A73C6-7E6C-424C-ABF8-E4CDDD6A2D3E}.Debug|Any CPU.ActiveCfg = Debug|Any CPU
		{ED4A73C6-7E6C-424C-ABF8-E4CDDD6A2D3E}.Debug|Any CPU.Build.0 = Debug|Any CPU
		{ED4A73C6-7E6C-424C-ABF8-E4CDDD6A2D3E}.Release|Any CPU.ActiveCfg = Release|Any CPU
		{ED4A73C6-7E6C-424C-ABF8-E4CDDD6A2D3E}.Release|Any CPU.Build.0 = Release|Any CPU
	EndGlobalSection
	GlobalSection(SolutionProperties) = preSolution
		HideSolutionNode = FALSE
	EndGlobalSection
	GlobalSection(ExtensibilityGlobals) = postSolution
		SolutionGuid = {95CB7A0E-5088-4D8D-B0E6-7A2FE8344A77}
	EndGlobalSection
EndGlobal
